
Microsoft Visual Studio Solution File, Format Version 12.00
# Visual Studio Version 17
VisualStudioVersion = 17.5.002.0
MinimumVisualStudioVersion = 10.0.40219.1
Project("{9A19103F-16F7-4668-BE54-9A1E7A4F7556}") = "RedisSample", "RedisSample.csproj", "{2C0BC960-CCD5-48C5-BD72-A120381280E4}"
EndProject
Global
	GlobalSection(SolutionConfigurationPlatforms) = preSolution
		Debug|Any CPU = Debug|Any CPU
		Release|Any CPU = Release|Any CPU
	EndGlobalSection
	GlobalSection(ProjectConfigurationPlatforms) = postSolution
		{2C0BC960-CCD5-48C5-BD72-A120381280E4}.Debug|Any CPU.ActiveCfg = Debug|Any CPU
		{2C0BC960-CCD5-48C5-BD72-A120381280E4}.Debug|Any CPU.Build.0 = Debug|Any CPU
		{2C0BC960-CCD5-48C5-BD72-A120381280E4}.Release|Any CPU.ActiveCfg = Release|Any CPU
		{2C0BC960-CCD5-48C5-BD72-A120381280E4}.Release|Any CPU.Build.0 = Release|Any CPU
	EndGlobalSection
	GlobalSection(SolutionProperties) = preSolution
		HideSolutionNode = FALSE
	EndGlobalSection
	GlobalSection(ExtensibilityGlobals) = postSolution
		SolutionGuid = {15D53E98-4919-45CA-AE74-866C066E235D}
	EndGlobalSection
EndGlobal
